
Microsoft Visual Studio Solution File, Format Version 12.00
# Visual Studio 15
VisualStudioVersion = 15.0.28307.489
MinimumVisualStudioVersion = 10.0.40219.1
Project("{9A19103F-16F7-4668-BE54-9A1E7A4F7556}") = "PeopleAreUs.Console", "PeopleAreUs.Console\PeopleAreUs.Console.csproj", "{FB59A3A8-D6A6-4A0B-A7D2-C00D33BD4E0B}"
EndProject
Project("{FAE04EC0-301F-11D3-BF4B-00C04F79EFBC}") = "PeopleAreUs.Tests", "PeopleAreUs.Tests\PeopleAreUs.Tests.csproj", "{5C959965-6775-42C2-8F9B-3144B4B4B600}"
EndProject
Global
	GlobalSection(SolutionConfigurationPlatforms) = preSolution
		Debug|Any CPU = Debug|Any CPU
		Release|Any CPU = Release|Any CPU
	EndGlobalSection
	GlobalSection(ProjectConfigurationPlatforms) = postSolution
		{FB59A3A8-D6A6-4A0B-A7D2-C00D33BD4E0B}.Debug|Any CPU.ActiveCfg = Debug|Any CPU
		{FB59A3A8-D6A6-4A0B-A7D2-C00D33BD4E0B}.Debug|Any CPU.Build.0 = Debug|Any CPU
		{FB59A3A8-D6A6-4A0B-A7D2-C00D33BD4E0B}.Release|Any CPU.ActiveCfg = Release|Any CPU
		{FB59A3A8-D6A6-4A0B-A7D2-C00D33BD4E0B}.Release|Any CPU.Build.0 = Release|Any CPU
		{5C959965-6775-42C2-8F9B-3144B4B4B600}.Debug|Any CPU.ActiveCfg = Debug|Any CPU
		{5C959965-6775-42C2-8F9B-3144B4B4B600}.Debug|Any CPU.Build.0 = Debug|Any CPU
		{5C959965-6775-42C2-8F9B-3144B4B4B600}.Release|Any CPU.ActiveCfg = Release|Any CPU
		{5C959965-6775-42C2-8F9B-3144B4B4B600}.Release|Any CPU.Build.0 = Release|Any CPU
	EndGlobalSection
	GlobalSection(SolutionProperties) = preSolution
		HideSolutionNode = FALSE
	EndGlobalSection
	GlobalSection(ExtensibilityGlobals) = postSolution
		SolutionGuid = {8E4C3CC8-0B58-4C16-81F1-BB2229673862}
	EndGlobalSection
EndGlobal
